
Microsoft Visual Studio Solution File, Format Version 12.00
# Visual Studio Version 17
VisualStudioVersion = 17.3.32922.545
MinimumVisualStudioVersion = 10.0.40219.1
Project("{2150E333-8FDC-42A3-9474-1A3956D46DE8}") = "Domains", "Domains", "{792B91B3-A7A6-4A5B-ACFA-42A95F3F9403}"
EndProject
Project("{2150E333-8FDC-42A3-9474-1A3956D46DE8}") = "WebapiServices", "WebapiServices", "{9B517430-62FC-44F3-A55B-C20140E0D9D4}"
EndProject
Project("{9A19103F-16F7-4668-BE54-9A1E7A4F7556}") = "UserApi", "UserApi\UserApi.csproj", "{821B44CD-8DC5-43C4-AC13-6ED311A73C91}"
EndProject
Project("{9A19103F-16F7-4668-BE54-9A1E7A4F7556}") = "AdminApi", "AdminApi\AdminApi.csproj", "{366224F4-4776-48FC-8A32-D9E6B6A7E59E}"
EndProject
Project("{9A19103F-16F7-4668-BE54-9A1E7A4F7556}") = "Domain", "Domain\Domain.csproj", "{181C93CF-ADC6-43F7-9C3F-66AF7505266B}"
EndProject
Project("{2150E333-8FDC-42A3-9474-1A3956D46DE8}") = "Handlers", "Handlers", "{42D343A4-04F1-4E6B-9F9E-90E259F1A0D5}"
EndProject
Project("{9A19103F-16F7-4668-BE54-9A1E7A4F7556}") = "AdminHandler", "AdminHandler\AdminHandler.csproj", "{25F56B07-F55A-4A56-A1E1-1609DD25E032}"
EndProject
Project("{2150E333-8FDC-42A3-9474-1A3956D46DE8}") = "Infrastructures", "Infrastructures", "{0ABE8160-0B88-4FF6-8B5E-34D45B8CFC35}"
EndProject
Project("{9A19103F-16F7-4668-BE54-9A1E7A4F7556}") = "ApiConfigs", "ApiConfigs\ApiConfigs.csproj", "{DC967C56-D470-4CDA-88BC-B6F976DB4801}"
EndProject
Project("{9A19103F-16F7-4668-BE54-9A1E7A4F7556}") = "MainInfrastructures", "MainInfrastructures\MainInfrastructures.csproj", "{E85E7E28-E0DC-42CD-9046-85B01D1CBE67}"
EndProject
Project("{9A19103F-16F7-4668-BE54-9A1E7A4F7556}") = "UserHandler", "UserHandler\UserHandler.csproj", "{34C72EEE-D042-4169-8139-B1B69A355481}"
EndProject
Project("{9A19103F-16F7-4668-BE54-9A1E7A4F7556}") = "MonitoringApi", "MonitoringApi\MonitoringApi.csproj", "{E92589F2-B895-4093-85C8-791B80925D13}"
EndProject
Project("{9A19103F-16F7-4668-BE54-9A1E7A4F7556}") = "MonitoringHandler", "MonitoringHandler\MonitoringHandler.csproj", "{993F67A3-E940-427B-B26F-FE653A9B4339}"
EndProject
Project("{2150E333-8FDC-42A3-9474-1A3956D46DE8}") = "Solution Items", "Solution Items", "{9CC64C8A-1BD0-401E-B3C4-868AE730284D}"
	ProjectSection(SolutionItems) = preProject
		docker-compose.yml = docker-compose.yml
		README.md = README.md
	EndProjectSection
EndProject
Global
	GlobalSection(SolutionConfigurationPlatforms) = preSolution
		Debug|Any CPU = Debug|Any CPU
		Release|Any CPU = Release|Any CPU
	EndGlobalSection
	GlobalSection(ProjectConfigurationPlatforms) = postSolution
		{821B44CD-8DC5-43C4-AC13-6ED311A73C91}.Debug|Any CPU.ActiveCfg = Debug|Any CPU
		{821B44CD-8DC5-43C4-AC13-6ED311A73C91}.Debug|Any CPU.Build.0 = Debug|Any CPU
		{821B44CD-8DC5-43C4-AC13-6ED311A73C91}.Release|Any CPU.ActiveCfg = Release|Any CPU
		{821B44CD-8DC5-43C4-AC13-6ED311A73C91}.Release|Any CPU.Build.0 = Release|Any CPU
		{366224F4-4776-48FC-8A32-D9E6B6A7E59E}.Debug|Any CPU.ActiveCfg = Debug|Any CPU
		{366224F4-4776-48FC-8A32-D9E6B6A7E59E}.Debug|Any CPU.Build.0 = Debug|Any CPU
		{366224F4-4776-48FC-8A32-D9E6B6A7E59E}.Release|Any CPU.ActiveCfg = Release|Any CPU
		{366224F4-4776-48FC-8A32-D9E6B6A7E59E}.Release|Any CPU.Build.0 = Release|Any CPU
		{181C93CF-ADC6-43F7-9C3F-66AF7505266B}.Debug|Any CPU.ActiveCfg = Debug|Any CPU
		{181C93CF-ADC6-43F7-9C3F-66AF7505266B}.Debug|Any CPU.Build.0 = Debug|Any CPU
		{181C93CF-ADC6-43F7-9C3F-66AF7505266B}.Release|Any CPU.ActiveCfg = Release|Any CPU
		{181C93CF-ADC6-43F7-9C3F-66AF7505266B}.Release|Any CPU.Build.0 = Release|Any CPU
		{25F56B07-F55A-4A56-A1E1-1609DD25E032}.Debug|Any CPU.ActiveCfg = Debug|Any CPU
		{25F56B07-F55A-4A56-A1E1-1609DD25E032}.Debug|Any CPU.Build.0 = Debug|Any CPU
		{25F56B07-F55A-4A56-A1E1-1609DD25E032}.Release|Any CPU.ActiveCfg = Release|Any CPU
		{25F56B07-F55A-4A56-A1E1-1609DD25E032}.Release|Any CPU.Build.0 = Release|Any CPU
		{DC967C56-D470-4CDA-88BC-B6F976DB4801}.Debug|Any CPU.ActiveCfg = Debug|Any CPU
		{DC967C56-D470-4CDA-88BC-B6F976DB4801}.Debug|Any CPU.Build.0 = Debug|Any CPU
		{DC967C56-D470-4CDA-88BC-B6F976DB4801}.Release|Any CPU.ActiveCfg = Release|Any CPU
		{DC967C56-D470-4CDA-88BC-B6F976DB4801}.Release|Any CPU.Build.0 = Release|Any CPU
		{E85E7E28-E0DC-42CD-9046-85B01D1CBE67}.Debug|Any CPU.ActiveCfg = Debug|Any CPU
		{E85E7E28-E0DC-42CD-9046-85B01D1CBE67}.Debug|Any CPU.Build.0 = Debug|Any CPU
		{E85E7E28-E0DC-42CD-9046-85B01D1CBE67}.Release|Any CPU.ActiveCfg = Release|Any CPU
		{E85E7E28-E0DC-42CD-9046-85B01D1CBE67}.Release|Any CPU.Build.0 = Release|Any CPU
		{34C72EEE-D042-4169-8139-B1B69A355481}.Debug|Any CPU.ActiveCfg = Debug|Any CPU
		{34C72EEE-D042-4169-8139-B1B69A355481}.Debug|Any CPU.Build.0 = Debug|Any CPU
		{34C72EEE-D042-4169-8139-B1B69A355481}.Release|Any CPU.ActiveCfg = Release|Any CPU
		{34C72EEE-D042-4169-8139-B1B69A355481}.Release|Any CPU.Build.0 = Release|Any CPU
		{E92589F2-B895-4093-85C8-791B80925D13}.Debug|Any CPU.ActiveCfg = Debug|Any CPU
		{E92589F2-B895-4093-85C8-791B80925D13}.Debug|Any CPU.Build.0 = Debug|Any CPU
		{E92589F2-B895-4093-85C8-791B80925D13}.Release|Any CPU.ActiveCfg = Release|Any CPU
		{E92589F2-B895-4093-85C8-791B80925D13}.Release|Any CPU.Build.0 = Release|Any CPU
		{993F67A3-E940-427B-B26F-FE653A9B4339}.Debug|Any CPU.ActiveCfg = Debug|Any CPU
		{993F67A3-E940-427B-B26F-FE653A9B4339}.Debug|Any CPU.Build.0 = Debug|Any CPU
		{993F67A3-E940-427B-B26F-FE653A9B4339}.Release|Any CPU.ActiveCfg = Release|Any CPU
		{993F67A3-E940-427B-B26F-FE653A9B4339}.Release|Any CPU.Build.0 = Release|Any CPU
	EndGlobalSection
	GlobalSection(SolutionProperties) = preSolution
		HideSolutionNode = FALSE
	EndGlobalSection
	GlobalSection(NestedProjects) = preSolution
		{821B44CD-8DC5-43C4-AC13-6ED311A73C91} = {9B517430-62FC-44F3-A55B-C20140E0D9D4}
		{366224F4-4776-48FC-8A32-D9E6B6A7E59E} = {9B517430-62FC-44F3-A55B-C20140E0D9D4}
		{181C93CF-ADC6-43F7-9C3F-66AF7505266B} = {792B91B3-A7A6-4A5B-ACFA-42A95F3F9403}
		{25F56B07-F55A-4A56-A1E1-1609DD25E032} = {42D343A4-04F1-4E6B-9F9E-90E259F1A0D5}
		{DC967C56-D470-4CDA-88BC-B6F976DB4801} = {0ABE8160-0B88-4FF6-8B5E-34D45B8CFC35}
		{E85E7E28-E0DC-42CD-9046-85B01D1CBE67} = {0ABE8160-0B88-4FF6-8B5E-34D45B8CFC35}
		{34C72EEE-D042-4169-8139-B1B69A355481} = {42D343A4-04F1-4E6B-9F9E-90E259F1A0D5}
		{E92589F2-B895-4093-85C8-791B80925D13} = {9B517430-62FC-44F3-A55B-C20140E0D9D4}
		{993F67A3-E940-427B-B26F-FE653A9B4339} = {42D343A4-04F1-4E6B-9F9E-90E259F1A0D5}
	EndGlobalSection
	GlobalSection(ExtensibilityGlobals) = postSolution
		SolutionGuid = {F4058047-36DA-46A8-8DA5-82CA32B447BE}
	EndGlobalSection
EndGlobal
